
Microsoft Visual Studio Solution File, Format Version 12.00
# Visual Studio 15
VisualStudioVersion = 15.0.28307.539
MinimumVisualStudioVersion = 10.0.40219.1
Project("{9A19103F-16F7-4668-BE54-9A1E7A4F7556}") = "Portal.Web", "Portal.Web\Portal.Web.csproj", "{E305E4F6-F4A4-46BC-AF43-6D446AF8007F}"
	ProjectSection(ProjectDependencies) = postProject
		{9B711BBD-214D-4BF4-9468-CB3B77C87533} = {9B711BBD-214D-4BF4-9468-CB3B77C87533}
	EndProjectSection
EndProject
Project("{9A19103F-16F7-4668-BE54-9A1E7A4F7556}") = "Portal.Common", "Portal.Common\Portal.Common.csproj", "{4AC8DE43-5269-4860-B7C1-1122106BEAF2}"
EndProject
Project("{9A19103F-16F7-4668-BE54-9A1E7A4F7556}") = "Portal.Business", "Portal.Business\Portal.Business.csproj", "{DACAF4A6-2E5B-4429-8C4C-0CB65FA4564E}"
	ProjectSection(ProjectDependencies) = postProject
		{4AC8DE43-5269-4860-B7C1-1122106BEAF2} = {4AC8DE43-5269-4860-B7C1-1122106BEAF2}
	EndProjectSection
EndProject
Project("{9A19103F-16F7-4668-BE54-9A1E7A4F7556}") = "Portal.Data", "Portal.Data\Portal.Data.csproj", "{9B711BBD-214D-4BF4-9468-CB3B77C87533}"
EndProject
Global
	GlobalSection(SolutionConfigurationPlatforms) = preSolution
		Debug|Any CPU = Debug|Any CPU
		Release|Any CPU = Release|Any CPU
	EndGlobalSection
	GlobalSection(ProjectConfigurationPlatforms) = postSolution
		{E305E4F6-F4A4-46BC-AF43-6D446AF8007F}.Debug|Any CPU.ActiveCfg = Debug|Any CPU
		{E305E4F6-F4A4-46BC-AF43-6D446AF8007F}.Debug|Any CPU.Build.0 = Debug|Any CPU
		{E305E4F6-F4A4-46BC-AF43-6D446AF8007F}.Release|Any CPU.ActiveCfg = Release|Any CPU
		{E305E4F6-F4A4-46BC-AF43-6D446AF8007F}.Release|Any CPU.Build.0 = Release|Any CPU
		{4AC8DE43-5269-4860-B7C1-1122106BEAF2}.Debug|Any CPU.ActiveCfg = Debug|Any CPU
		{4AC8DE43-5269-4860-B7C1-1122106BEAF2}.Debug|Any CPU.Build.0 = Debug|Any CPU
		{4AC8DE43-5269-4860-B7C1-1122106BEAF2}.Release|Any CPU.ActiveCfg = Release|Any CPU
		{4AC8DE43-5269-4860-B7C1-1122106BEAF2}.Release|Any CPU.Build.0 = Release|Any CPU
		{DACAF4A6-2E5B-4429-8C4C-0CB65FA4564E}.Debug|Any CPU.ActiveCfg = Debug|Any CPU
		{DACAF4A6-2E5B-4429-8C4C-0CB65FA4564E}.Debug|Any CPU.Build.0 = Debug|Any CPU
		{DACAF4A6-2E5B-4429-8C4C-0CB65FA4564E}.Release|Any CPU.ActiveCfg = Release|Any CPU
		{DACAF4A6-2E5B-4429-8C4C-0CB65FA4564E}.Release|Any CPU.Build.0 = Release|Any CPU
		{9B711BBD-214D-4BF4-9468-CB3B77C87533}.Debug|Any CPU.ActiveCfg = Debug|Any CPU
		{9B711BBD-214D-4BF4-9468-CB3B77C87533}.Debug|Any CPU.Build.0 = Debug|Any CPU
		{9B711BBD-214D-4BF4-9468-CB3B77C87533}.Release|Any CPU.ActiveCfg = Release|Any CPU
		{9B711BBD-214D-4BF4-9468-CB3B77C87533}.Release|Any CPU.Build.0 = Release|Any CPU
	EndGlobalSection
	GlobalSection(SolutionProperties) = preSolution
		HideSolutionNode = FALSE
	EndGlobalSection
	GlobalSection(ExtensibilityGlobals) = postSolution
		SolutionGuid = {EB929966-5B35-40E6-9B97-950D5CDE73FF}
	EndGlobalSection
EndGlobal
